
Microsoft Visual Studio Solution File, Format Version 12.00
# Visual Studio Version 16
VisualStudioVersion = 16.0.31613.86
MinimumVisualStudioVersion = 10.0.40219.1
Project("{FAE04EC0-301F-11D3-BF4B-00C04F79EFBC}") = "calculadora-csharp", "calculadora-csharp\calculadora-csharp.csproj", "{FA50CCBF-7B8A-440D-89A1-EC4E7FDD3F22}"
EndProject
Global
	GlobalSection(SolutionConfigurationPlatforms) = preSolution
		Debug|Any CPU = Debug|Any CPU
		Release|Any CPU = Release|Any CPU
	EndGlobalSection
	GlobalSection(ProjectConfigurationPlatforms) = postSolution
		{FA50CCBF-7B8A-440D-89A1-EC4E7FDD3F22}.Debug|Any CPU.ActiveCfg = Debug|Any CPU
		{FA50CCBF-7B8A-440D-89A1-EC4E7FDD3F22}.Debug|Any CPU.Build.0 = Debug|Any CPU
		{FA50CCBF-7B8A-440D-89A1-EC4E7FDD3F22}.Release|Any CPU.ActiveCfg = Release|Any CPU
		{FA50CCBF-7B8A-440D-89A1-EC4E7FDD3F22}.Release|Any CPU.Build.0 = Release|Any CPU
	EndGlobalSection
	GlobalSection(SolutionProperties) = preSolution
		HideSolutionNode = FALSE
	EndGlobalSection
	GlobalSection(ExtensibilityGlobals) = postSolution
		SolutionGuid = {6D6EDA48-B171-4B67-AD5C-ECB80BCC83DE}
	EndGlobalSection
EndGlobal
